
Microsoft Visual Studio Solution File, Format Version 12.00
# Visual Studio Version 16
VisualStudioVersion = 16.0.29519.87
MinimumVisualStudioVersion = 15.0.26124.0
Project("{2150E333-8FDC-42A3-9474-1A3956D46DE8}") = "01 - Service", "01 - Service", "{2FA01DCB-2284-4F84-8C79-B11D063B4F0C}"
EndProject
Project("{2150E333-8FDC-42A3-9474-1A3956D46DE8}") = "02 - Infrastructure", "02 - Infrastructure", "{014EBD4A-10DD-4BE4-8D1A-7BE91C60EE8C}"
EndProject
Project("{2150E333-8FDC-42A3-9474-1A3956D46DE8}") = "04 - Domain", "04 - Domain", "{09EE2E6F-C903-422D-96EC-F41CD7F79951}"
EndProject
Project("{2150E333-8FDC-42A3-9474-1A3956D46DE8}") = "99 - Tests", "99 - Tests", "{633A68C0-0C76-42AF-BFD3-21CAE0F851E7}"
EndProject
Project("{9A19103F-16F7-4668-BE54-9A1E7A4F7556}") = "CityRide.Infrastructure", "CityRide.Infrastructure\CityRide.Infrastructure.csproj", "{5207529E-214E-4F12-81EC-199E6F94BAD0}"
EndProject
Project("{9A19103F-16F7-4668-BE54-9A1E7A4F7556}") = "CityRide.Data", "CityRide.Data\CityRide.Data.csproj", "{39DCC9AA-EA0B-430A-AFB2-9707574F3419}"
EndProject
Project("{9A19103F-16F7-4668-BE54-9A1E7A4F7556}") = "CityRide.Domain", "CityRide.Domain\CityRide.Domain.csproj", "{96C750E1-1B04-490C-BF00-7681A37FECC9}"
EndProject
Project("{9A19103F-16F7-4668-BE54-9A1E7A4F7556}") = "CityRide.Business", "CityRide.Business\CityRide.Business.csproj", "{98CB03DA-0475-4090-905B-E28D771883D7}"
EndProject
Project("{9A19103F-16F7-4668-BE54-9A1E7A4F7556}") = "CityRide.UnitTests", "CityRide.UnitTests\CityRide.UnitTests.csproj", "{D1A2B490-B81F-4F3D-A409-885CFB16B1DA}"
EndProject
Project("{9A19103F-16F7-4668-BE54-9A1E7A4F7556}") = "CityRide.IntegrationTests", "CityRide.IntegrationTests\CityRide.IntegrationTests.csproj", "{E6AC810C-F127-4E45-91DF-F65687896125}"
EndProject
Project("{2150E333-8FDC-42A3-9474-1A3956D46DE8}") = "05 - CrossCuttingConcern", "05 - CrossCuttingConcern", "{D9151376-5801-4144-8057-1915FDA56433}"
EndProject
Project("{FAE04EC0-301F-11D3-BF4B-00C04F79EFBC}") = "CityRide.CrossCuttingConcern", "CityRide.CrossCuttingConcern\CityRide.CrossCuttingConcern.csproj", "{33A2ADBE-9B44-47C7-888B-8A8761CCF7AA}"
EndProject
Project("{FAE04EC0-301F-11D3-BF4B-00C04F79EFBC}") = "CityRide.WebApi", "CityRide.WebApi\CityRide.WebApi.csproj", "{4A07B425-25FB-4A2C-9088-F155C3E2E986}"
EndProject
Global
	GlobalSection(SolutionConfigurationPlatforms) = preSolution
		Debug|Any CPU = Debug|Any CPU
		Debug|x64 = Debug|x64
		Debug|x86 = Debug|x86
		Release|Any CPU = Release|Any CPU
		Release|x64 = Release|x64
		Release|x86 = Release|x86
	EndGlobalSection
	GlobalSection(ProjectConfigurationPlatforms) = postSolution
		{5207529E-214E-4F12-81EC-199E6F94BAD0}.Debug|Any CPU.ActiveCfg = Debug|Any CPU
		{5207529E-214E-4F12-81EC-199E6F94BAD0}.Debug|Any CPU.Build.0 = Debug|Any CPU
		{5207529E-214E-4F12-81EC-199E6F94BAD0}.Debug|x64.ActiveCfg = Debug|Any CPU
		{5207529E-214E-4F12-81EC-199E6F94BAD0}.Debug|x64.Build.0 = Debug|Any CPU
		{5207529E-214E-4F12-81EC-199E6F94BAD0}.Debug|x86.ActiveCfg = Debug|Any CPU
		{5207529E-214E-4F12-81EC-199E6F94BAD0}.Debug|x86.Build.0 = Debug|Any CPU
		{5207529E-214E-4F12-81EC-199E6F94BAD0}.Release|Any CPU.ActiveCfg = Release|Any CPU
		{5207529E-214E-4F12-81EC-199E6F94BAD0}.Release|Any CPU.Build.0 = Release|Any CPU
		{5207529E-214E-4F12-81EC-199E6F94BAD0}.Release|x64.ActiveCfg = Release|Any CPU
		{5207529E-214E-4F12-81EC-199E6F94BAD0}.Release|x64.Build.0 = Release|Any CPU
		{5207529E-214E-4F12-81EC-199E6F94BAD0}.Release|x86.ActiveCfg = Release|Any CPU
		{5207529E-214E-4F12-81EC-199E6F94BAD0}.Release|x86.Build.0 = Release|Any CPU
		{39DCC9AA-EA0B-430A-AFB2-9707574F3419}.Debug|Any CPU.ActiveCfg = Debug|Any CPU
		{39DCC9AA-EA0B-430A-AFB2-9707574F3419}.Debug|Any CPU.Build.0 = Debug|Any CPU
		{39DCC9AA-EA0B-430A-AFB2-9707574F3419}.Debug|x64.ActiveCfg = Debug|Any CPU
		{39DCC9AA-EA0B-430A-AFB2-9707574F3419}.Debug|x64.Build.0 = Debug|Any CPU
		{39DCC9AA-EA0B-430A-AFB2-9707574F3419}.Debug|x86.ActiveCfg = Debug|Any CPU
		{39DCC9AA-EA0B-430A-AFB2-9707574F3419}.Debug|x86.Build.0 = Debug|Any CPU
		{39DCC9AA-EA0B-430A-AFB2-9707574F3419}.Release|Any CPU.ActiveCfg = Release|Any CPU
		{39DCC9AA-EA0B-430A-AFB2-9707574F3419}.Release|Any CPU.Build.0 = Release|Any CPU
		{39DCC9AA-EA0B-430A-AFB2-9707574F3419}.Release|x64.ActiveCfg = Release|Any CPU
		{39DCC9AA-EA0B-430A-AFB2-9707574F3419}.Release|x64.Build.0 = Release|Any CPU
		{39DCC9AA-EA0B-430A-AFB2-9707574F3419}.Release|x86.ActiveCfg = Release|Any CPU
		{39DCC9AA-EA0B-430A-AFB2-9707574F3419}.Release|x86.Build.0 = Release|Any CPU
		{96C750E1-1B04-490C-BF00-7681A37FECC9}.Debug|Any CPU.ActiveCfg = Debug|Any CPU
		{96C750E1-1B04-490C-BF00-7681A37FECC9}.Debug|Any CPU.Build.0 = Debug|Any CPU
		{96C750E1-1B04-490C-BF00-7681A37FECC9}.Debug|x64.ActiveCfg = Debug|Any CPU
		{96C750E1-1B04-490C-BF00-7681A37FECC9}.Debug|x64.Build.0 = Debug|Any CPU
		{96C750E1-1B04-490C-BF00-7681A37FECC9}.Debug|x86.ActiveCfg = Debug|Any CPU
		{96C750E1-1B04-490C-BF00-7681A37FECC9}.Debug|x86.Build.0 = Debug|Any CPU
		{96C750E1-1B04-490C-BF00-7681A37FECC9}.Release|Any CPU.ActiveCfg = Release|Any CPU
		{96C750E1-1B04-490C-BF00-7681A37FECC9}.Release|Any CPU.Build.0 = Release|Any CPU
		{96C750E1-1B04-490C-BF00-7681A37FECC9}.Release|x64.ActiveCfg = Release|Any CPU
		{96C750E1-1B04-490C-BF00-7681A37FECC9}.Release|x64.Build.0 = Release|Any CPU
		{96C750E1-1B04-490C-BF00-7681A37FECC9}.Release|x86.ActiveCfg = Release|Any CPU
		{96C750E1-1B04-490C-BF00-7681A37FECC9}.Release|x86.Build.0 = Release|Any CPU
		{98CB03DA-0475-4090-905B-E28D771883D7}.Debug|Any CPU.ActiveCfg = Debug|Any CPU
		{98CB03DA-0475-4090-905B-E28D771883D7}.Debug|Any CPU.Build.0 = Debug|Any CPU
		{98CB03DA-0475-4090-905B-E28D771883D7}.Debug|x64.ActiveCfg = Debug|Any CPU
		{98CB03DA-0475-4090-905B-E28D771883D7}.Debug|x64.Build.0 = Debug|Any CPU
		{98CB03DA-0475-4090-905B-E28D771883D7}.Debug|x86.ActiveCfg = Debug|Any CPU
		{98CB03DA-0475-4090-905B-E28D771883D7}.Debug|x86.Build.0 = Debug|Any CPU
		{98CB03DA-0475-4090-905B-E28D771883D7}.Release|Any CPU.ActiveCfg = Release|Any CPU
		{98CB03DA-0475-4090-905B-E28D771883D7}.Release|Any CPU.Build.0 = Release|Any CPU
		{98CB03DA-0475-4090-905B-E28D771883D7}.Release|x64.ActiveCfg = Release|Any CPU
		{98CB03DA-0475-4090-905B-E28D771883D7}.Release|x64.Build.0 = Release|Any CPU
		{98CB03DA-0475-4090-905B-E28D771883D7}.Release|x86.ActiveCfg = Release|Any CPU
		{98CB03DA-0475-4090-905B-E28D771883D7}.Release|x86.Build.0 = Release|Any CPU
		{D1A2B490-B81F-4F3D-A409-885CFB16B1DA}.Debug|Any CPU.ActiveCfg = Debug|Any CPU
		{D1A2B490-B81F-4F3D-A409-885CFB16B1DA}.Debug|Any CPU.Build.0 = Debug|Any CPU
		{D1A2B490-B81F-4F3D-A409-885CFB16B1DA}.Debug|x64.ActiveCfg = Debug|Any CPU
		{D1A2B490-B81F-4F3D-A409-885CFB16B1DA}.Debug|x64.Build.0 = Debug|Any CPU
		{D1A2B490-B81F-4F3D-A409-885CFB16B1DA}.Debug|x86.ActiveCfg = Debug|Any CPU
		{D1A2B490-B81F-4F3D-A409-885CFB16B1DA}.Debug|x86.Build.0 = Debug|Any CPU
		{D1A2B490-B81F-4F3D-A409-885CFB16B1DA}.Release|Any CPU.ActiveCfg = Release|Any CPU
		{D1A2B490-B81F-4F3D-A409-885CFB16B1DA}.Release|Any CPU.Build.0 = Release|Any CPU
		{D1A2B490-B81F-4F3D-A409-885CFB16B1DA}.Release|x64.ActiveCfg = Release|Any CPU
		{D1A2B490-B81F-4F3D-A409-885CFB16B1DA}.Release|x64.Build.0 = Release|Any CPU
		{D1A2B490-B81F-4F3D-A409-885CFB16B1DA}.Release|x86.ActiveCfg = Release|Any CPU
		{D1A2B490-B81F-4F3D-A409-885CFB16B1DA}.Release|x86.Build.0 = Release|Any CPU
		{E6AC810C-F127-4E45-91DF-F65687896125}.Debug|Any CPU.ActiveCfg = Debug|Any CPU
		{E6AC810C-F127-4E45-91DF-F65687896125}.Debug|Any CPU.Build.0 = Debug|Any CPU
		{E6AC810C-F127-4E45-91DF-F65687896125}.Debug|x64.ActiveCfg = Debug|Any CPU
		{E6AC810C-F127-4E45-91DF-F65687896125}.Debug|x64.Build.0 = Debug|Any CPU
		{E6AC810C-F127-4E45-91DF-F65687896125}.Debug|x86.ActiveCfg = Debug|Any CPU
		{E6AC810C-F127-4E45-91DF-F65687896125}.Debug|x86.Build.0 = Debug|Any CPU
		{E6AC810C-F127-4E45-91DF-F65687896125}.Release|Any CPU.ActiveCfg = Release|Any CPU
		{E6AC810C-F127-4E45-91DF-F65687896125}.Release|Any CPU.Build.0 = Release|Any CPU
		{E6AC810C-F127-4E45-91DF-F65687896125}.Release|x64.ActiveCfg = Release|Any CPU
		{E6AC810C-F127-4E45-91DF-F65687896125}.Release|x64.Build.0 = Release|Any CPU
		{E6AC810C-F127-4E45-91DF-F65687896125}.Release|x86.ActiveCfg = Release|Any CPU
		{E6AC810C-F127-4E45-91DF-F65687896125}.Release|x86.Build.0 = Release|Any CPU
		{33A2ADBE-9B44-47C7-888B-8A8761CCF7AA}.Debug|Any CPU.ActiveCfg = Debug|Any CPU
		{33A2ADBE-9B44-47C7-888B-8A8761CCF7AA}.Debug|Any CPU.Build.0 = Debug|Any CPU
		{33A2ADBE-9B44-47C7-888B-8A8761CCF7AA}.Debug|x64.ActiveCfg = Debug|Any CPU
		{33A2ADBE-9B44-47C7-888B-8A8761CCF7AA}.Debug|x64.Build.0 = Debug|Any CPU
		{33A2ADBE-9B44-47C7-888B-8A8761CCF7AA}.Debug|x86.ActiveCfg = Debug|Any CPU
		{33A2ADBE-9B44-47C7-888B-8A8761CCF7AA}.Debug|x86.Build.0 = Debug|Any CPU
		{33A2ADBE-9B44-47C7-888B-8A8761CCF7AA}.Release|Any CPU.ActiveCfg = Release|Any CPU
		{33A2ADBE-9B44-47C7-888B-8A8761CCF7AA}.Release|Any CPU.Build.0 = Release|Any CPU
		{33A2ADBE-9B44-47C7-888B-8A8761CCF7AA}.Release|x64.ActiveCfg = Release|Any CPU
		{33A2ADBE-9B44-47C7-888B-8A8761CCF7AA}.Release|x64.Build.0 = Release|Any CPU
		{33A2ADBE-9B44-47C7-888B-8A8761CCF7AA}.Release|x86.ActiveCfg = Release|Any CPU
		{33A2ADBE-9B44-47C7-888B-8A8761CCF7AA}.Release|x86.Build.0 = Release|Any CPU
		{4A07B425-25FB-4A2C-9088-F155C3E2E986}.Debug|Any CPU.ActiveCfg = Debug|Any CPU
		{4A07B425-25FB-4A2C-9088-F155C3E2E986}.Debug|Any CPU.Build.0 = Debug|Any CPU
		{4A07B425-25FB-4A2C-9088-F155C3E2E986}.Debug|x64.ActiveCfg = Debug|Any CPU
		{4A07B425-25FB-4A2C-9088-F155C3E2E986}.Debug|x64.Build.0 = Debug|Any CPU
		{4A07B425-25FB-4A2C-9088-F155C3E2E986}.Debug|x86.ActiveCfg = Debug|Any CPU
		{4A07B425-25FB-4A2C-9088-F155C3E2E986}.Debug|x86.Build.0 = Debug|Any CPU
		{4A07B425-25FB-4A2C-9088-F155C3E2E986}.Release|Any CPU.ActiveCfg = Release|Any CPU
		{4A07B425-25FB-4A2C-9088-F155C3E2E986}.Release|Any CPU.Build.0 = Release|Any CPU
		{4A07B425-25FB-4A2C-9088-F155C3E2E986}.Release|x64.ActiveCfg = Release|Any CPU
		{4A07B425-25FB-4A2C-9088-F155C3E2E986}.Release|x64.Build.0 = Release|Any CPU
		{4A07B425-25FB-4A2C-9088-F155C3E2E986}.Release|x86.ActiveCfg = Release|Any CPU
		{4A07B425-25FB-4A2C-9088-F155C3E2E986}.Release|x86.Build.0 = Release|Any CPU
	EndGlobalSection
	GlobalSection(SolutionProperties) = preSolution
		HideSolutionNode = FALSE
	EndGlobalSection
	GlobalSection(NestedProjects) = preSolution
		{5207529E-214E-4F12-81EC-199E6F94BAD0} = {014EBD4A-10DD-4BE4-8D1A-7BE91C60EE8C}
		{39DCC9AA-EA0B-430A-AFB2-9707574F3419} = {014EBD4A-10DD-4BE4-8D1A-7BE91C60EE8C}
		{96C750E1-1B04-490C-BF00-7681A37FECC9} = {09EE2E6F-C903-422D-96EC-F41CD7F79951}
		{98CB03DA-0475-4090-905B-E28D771883D7} = {09EE2E6F-C903-422D-96EC-F41CD7F79951}
		{D1A2B490-B81F-4F3D-A409-885CFB16B1DA} = {633A68C0-0C76-42AF-BFD3-21CAE0F851E7}
		{E6AC810C-F127-4E45-91DF-F65687896125} = {633A68C0-0C76-42AF-BFD3-21CAE0F851E7}
		{33A2ADBE-9B44-47C7-888B-8A8761CCF7AA} = {D9151376-5801-4144-8057-1915FDA56433}
		{4A07B425-25FB-4A2C-9088-F155C3E2E986} = {2FA01DCB-2284-4F84-8C79-B11D063B4F0C}
	EndGlobalSection
	GlobalSection(ExtensibilityGlobals) = postSolution
		SolutionGuid = {4237A1E8-9FAA-45F9-A3DE-A304DE1F5AC7}
	EndGlobalSection
EndGlobal
