
Microsoft Visual Studio Solution File, Format Version 12.00
# Visual Studio Version 16
VisualStudioVersion = 16.0.29519.87
MinimumVisualStudioVersion = 15.0.26124.0
Project("{2150E333-8FDC-42A3-9474-1A3956D46DE8}") = "Modules", "Modules", "{2FA01DCB-2284-4F84-8C79-B11D063B4F0C}"
EndProject
Project("{2150E333-8FDC-42A3-9474-1A3956D46DE8}") = "Infrastructure", "Infrastructure", "{014EBD4A-10DD-4BE4-8D1A-7BE91C60EE8C}"
EndProject
Project("{2150E333-8FDC-42A3-9474-1A3956D46DE8}") = "99 - Tests", "99 - Tests", "{633A68C0-0C76-42AF-BFD3-21CAE0F851E7}"
EndProject
Project("{9A19103F-16F7-4668-BE54-9A1E7A4F7556}") = "CityRide.Infrastructure", "CityRide.Infrastructure\CityRide.Infrastructure.csproj", "{5207529E-214E-4F12-81EC-199E6F94BAD0}"
EndProject
Project("{9A19103F-16F7-4668-BE54-9A1E7A4F7556}") = "CityRide.UnitTests", "CityRide.UnitTests\CityRide.UnitTests.csproj", "{D1A2B490-B81F-4F3D-A409-885CFB16B1DA}"
EndProject
Project("{9A19103F-16F7-4668-BE54-9A1E7A4F7556}") = "CityRide.IntegrationTests", "CityRide.IntegrationTests\CityRide.IntegrationTests.csproj", "{E6AC810C-F127-4E45-91DF-F65687896125}"
EndProject
Project("{9A19103F-16F7-4668-BE54-9A1E7A4F7556}") = "CityRide.WebApi", "CityRide.WebApi\CityRide.WebApi.csproj", "{4A07B425-25FB-4A2C-9088-F155C3E2E986}"
EndProject
Project("{2150E333-8FDC-42A3-9474-1A3956D46DE8}") = "Bike", "Bike", "{E33AC388-D053-4785-9247-E2619CDF9BED}"
EndProject
Project("{2150E333-8FDC-42A3-9474-1A3956D46DE8}") = "PrimaryPorts", "PrimaryPorts", "{0800ECB9-D29B-41D4-B663-BA971FA1E17B}"
EndProject
Project("{2150E333-8FDC-42A3-9474-1A3956D46DE8}") = "SecondaryPorts", "SecondaryPorts", "{688DB2B1-8F16-464D-AAC3-FBACC497587F}"
EndProject
Project("{9A19103F-16F7-4668-BE54-9A1E7A4F7556}") = "CityRide.Bootstrap.Bike", "Modules\Bike\CityRide.Bootstrap.Bike\CityRide.Bootstrap.Bike.csproj", "{5999B5EB-48B0-40E6-97F3-62BE598F1F7D}"
EndProject
Project("{9A19103F-16F7-4668-BE54-9A1E7A4F7556}") = "CityRide.Domain.Bike", "Modules\Bike\CityRide.Domain.Bike\CityRide.Domain.Bike.csproj", "{21BEE56A-D923-40DD-84C5-AD0906BE4719}"
EndProject
Project("{9A19103F-16F7-4668-BE54-9A1E7A4F7556}") = "CityRide.Entities.Bike", "Modules\Bike\CityRide.Entities.Bike\CityRide.Entities.Bike.csproj", "{0EEC3B4D-ECF5-4F7D-8D50-4D5DAF205FA2}"
EndProject
Project("{9A19103F-16F7-4668-BE54-9A1E7A4F7556}") = "CityRide.Adapters.DataAccess.Bike", "Modules\Bike\CityRide.Adapters.DataAccess.Bike\CityRide.Adapters.DataAccess.Bike.csproj", "{54955540-49ED-4CE4-98C9-7918162935A8}"
EndProject
Project("{9A19103F-16F7-4668-BE54-9A1E7A4F7556}") = "CityRide.Interop.DataAccess.Bike", "CityRide.Interop.DataAccess.Bike\CityRide.Interop.DataAccess.Bike.csproj", "{B8E49D7A-D346-4915-B9AE-A07B570F1D84}"
EndProject
Project("{9A19103F-16F7-4668-BE54-9A1E7A4F7556}") = "CityRide.Adapters.Web.Bike", "Modules\Bike\CityRide.Adapters.Web.Bike\CityRide.Adapters.Web.Bike.csproj", "{00A5CDF5-6B7C-4DE8-BAE8-DB2D24CC2CB7}"
EndProject
Project("{9A19103F-16F7-4668-BE54-9A1E7A4F7556}") = "CityRide.Ports.Web.Bike", "Modules\Bike\CityRide.Ports.Wrb.Bike\CityRide.Ports.Web.Bike.csproj", "{EA7BD584-F9F2-4653-BBE1-967CEEA16FDA}"
EndProject
Global
	GlobalSection(SolutionConfigurationPlatforms) = preSolution
		Debug|Any CPU = Debug|Any CPU
		Debug|x64 = Debug|x64
		Debug|x86 = Debug|x86
		Release|Any CPU = Release|Any CPU
		Release|x64 = Release|x64
		Release|x86 = Release|x86
	EndGlobalSection
	GlobalSection(ProjectConfigurationPlatforms) = postSolution
		{5207529E-214E-4F12-81EC-199E6F94BAD0}.Debug|Any CPU.ActiveCfg = Debug|Any CPU
		{5207529E-214E-4F12-81EC-199E6F94BAD0}.Debug|Any CPU.Build.0 = Debug|Any CPU
		{5207529E-214E-4F12-81EC-199E6F94BAD0}.Debug|x64.ActiveCfg = Debug|Any CPU
		{5207529E-214E-4F12-81EC-199E6F94BAD0}.Debug|x64.Build.0 = Debug|Any CPU
		{5207529E-214E-4F12-81EC-199E6F94BAD0}.Debug|x86.ActiveCfg = Debug|Any CPU
		{5207529E-214E-4F12-81EC-199E6F94BAD0}.Debug|x86.Build.0 = Debug|Any CPU
		{5207529E-214E-4F12-81EC-199E6F94BAD0}.Release|Any CPU.ActiveCfg = Release|Any CPU
		{5207529E-214E-4F12-81EC-199E6F94BAD0}.Release|Any CPU.Build.0 = Release|Any CPU
		{5207529E-214E-4F12-81EC-199E6F94BAD0}.Release|x64.ActiveCfg = Release|Any CPU
		{5207529E-214E-4F12-81EC-199E6F94BAD0}.Release|x64.Build.0 = Release|Any CPU
		{5207529E-214E-4F12-81EC-199E6F94BAD0}.Release|x86.ActiveCfg = Release|Any CPU
		{5207529E-214E-4F12-81EC-199E6F94BAD0}.Release|x86.Build.0 = Release|Any CPU
		{D1A2B490-B81F-4F3D-A409-885CFB16B1DA}.Debug|Any CPU.ActiveCfg = Debug|Any CPU
		{D1A2B490-B81F-4F3D-A409-885CFB16B1DA}.Debug|Any CPU.Build.0 = Debug|Any CPU
		{D1A2B490-B81F-4F3D-A409-885CFB16B1DA}.Debug|x64.ActiveCfg = Debug|Any CPU
		{D1A2B490-B81F-4F3D-A409-885CFB16B1DA}.Debug|x64.Build.0 = Debug|Any CPU
		{D1A2B490-B81F-4F3D-A409-885CFB16B1DA}.Debug|x86.ActiveCfg = Debug|Any CPU
		{D1A2B490-B81F-4F3D-A409-885CFB16B1DA}.Debug|x86.Build.0 = Debug|Any CPU
		{D1A2B490-B81F-4F3D-A409-885CFB16B1DA}.Release|Any CPU.ActiveCfg = Release|Any CPU
		{D1A2B490-B81F-4F3D-A409-885CFB16B1DA}.Release|Any CPU.Build.0 = Release|Any CPU
		{D1A2B490-B81F-4F3D-A409-885CFB16B1DA}.Release|x64.ActiveCfg = Release|Any CPU
		{D1A2B490-B81F-4F3D-A409-885CFB16B1DA}.Release|x64.Build.0 = Release|Any CPU
		{D1A2B490-B81F-4F3D-A409-885CFB16B1DA}.Release|x86.ActiveCfg = Release|Any CPU
		{D1A2B490-B81F-4F3D-A409-885CFB16B1DA}.Release|x86.Build.0 = Release|Any CPU
		{E6AC810C-F127-4E45-91DF-F65687896125}.Debug|Any CPU.ActiveCfg = Debug|Any CPU
		{E6AC810C-F127-4E45-91DF-F65687896125}.Debug|Any CPU.Build.0 = Debug|Any CPU
		{E6AC810C-F127-4E45-91DF-F65687896125}.Debug|x64.ActiveCfg = Debug|Any CPU
		{E6AC810C-F127-4E45-91DF-F65687896125}.Debug|x64.Build.0 = Debug|Any CPU
		{E6AC810C-F127-4E45-91DF-F65687896125}.Debug|x86.ActiveCfg = Debug|Any CPU
		{E6AC810C-F127-4E45-91DF-F65687896125}.Debug|x86.Build.0 = Debug|Any CPU
		{E6AC810C-F127-4E45-91DF-F65687896125}.Release|Any CPU.ActiveCfg = Release|Any CPU
		{E6AC810C-F127-4E45-91DF-F65687896125}.Release|Any CPU.Build.0 = Release|Any CPU
		{E6AC810C-F127-4E45-91DF-F65687896125}.Release|x64.ActiveCfg = Release|Any CPU
		{E6AC810C-F127-4E45-91DF-F65687896125}.Release|x64.Build.0 = Release|Any CPU
		{E6AC810C-F127-4E45-91DF-F65687896125}.Release|x86.ActiveCfg = Release|Any CPU
		{E6AC810C-F127-4E45-91DF-F65687896125}.Release|x86.Build.0 = Release|Any CPU
		{4A07B425-25FB-4A2C-9088-F155C3E2E986}.Debug|Any CPU.ActiveCfg = Debug|Any CPU
		{4A07B425-25FB-4A2C-9088-F155C3E2E986}.Debug|Any CPU.Build.0 = Debug|Any CPU
		{4A07B425-25FB-4A2C-9088-F155C3E2E986}.Debug|x64.ActiveCfg = Debug|Any CPU
		{4A07B425-25FB-4A2C-9088-F155C3E2E986}.Debug|x64.Build.0 = Debug|Any CPU
		{4A07B425-25FB-4A2C-9088-F155C3E2E986}.Debug|x86.ActiveCfg = Debug|Any CPU
		{4A07B425-25FB-4A2C-9088-F155C3E2E986}.Debug|x86.Build.0 = Debug|Any CPU
		{4A07B425-25FB-4A2C-9088-F155C3E2E986}.Release|Any CPU.ActiveCfg = Release|Any CPU
		{4A07B425-25FB-4A2C-9088-F155C3E2E986}.Release|Any CPU.Build.0 = Release|Any CPU
		{4A07B425-25FB-4A2C-9088-F155C3E2E986}.Release|x64.ActiveCfg = Release|Any CPU
		{4A07B425-25FB-4A2C-9088-F155C3E2E986}.Release|x64.Build.0 = Release|Any CPU
		{4A07B425-25FB-4A2C-9088-F155C3E2E986}.Release|x86.ActiveCfg = Release|Any CPU
		{4A07B425-25FB-4A2C-9088-F155C3E2E986}.Release|x86.Build.0 = Release|Any CPU
		{5999B5EB-48B0-40E6-97F3-62BE598F1F7D}.Debug|Any CPU.ActiveCfg = Debug|Any CPU
		{5999B5EB-48B0-40E6-97F3-62BE598F1F7D}.Debug|Any CPU.Build.0 = Debug|Any CPU
		{5999B5EB-48B0-40E6-97F3-62BE598F1F7D}.Debug|x64.ActiveCfg = Debug|Any CPU
		{5999B5EB-48B0-40E6-97F3-62BE598F1F7D}.Debug|x64.Build.0 = Debug|Any CPU
		{5999B5EB-48B0-40E6-97F3-62BE598F1F7D}.Debug|x86.ActiveCfg = Debug|Any CPU
		{5999B5EB-48B0-40E6-97F3-62BE598F1F7D}.Debug|x86.Build.0 = Debug|Any CPU
		{5999B5EB-48B0-40E6-97F3-62BE598F1F7D}.Release|Any CPU.ActiveCfg = Release|Any CPU
		{5999B5EB-48B0-40E6-97F3-62BE598F1F7D}.Release|Any CPU.Build.0 = Release|Any CPU
		{5999B5EB-48B0-40E6-97F3-62BE598F1F7D}.Release|x64.ActiveCfg = Release|Any CPU
		{5999B5EB-48B0-40E6-97F3-62BE598F1F7D}.Release|x64.Build.0 = Release|Any CPU
		{5999B5EB-48B0-40E6-97F3-62BE598F1F7D}.Release|x86.ActiveCfg = Release|Any CPU
		{5999B5EB-48B0-40E6-97F3-62BE598F1F7D}.Release|x86.Build.0 = Release|Any CPU
		{21BEE56A-D923-40DD-84C5-AD0906BE4719}.Debug|Any CPU.ActiveCfg = Debug|Any CPU
		{21BEE56A-D923-40DD-84C5-AD0906BE4719}.Debug|Any CPU.Build.0 = Debug|Any CPU
		{21BEE56A-D923-40DD-84C5-AD0906BE4719}.Debug|x64.ActiveCfg = Debug|Any CPU
		{21BEE56A-D923-40DD-84C5-AD0906BE4719}.Debug|x64.Build.0 = Debug|Any CPU
		{21BEE56A-D923-40DD-84C5-AD0906BE4719}.Debug|x86.ActiveCfg = Debug|Any CPU
		{21BEE56A-D923-40DD-84C5-AD0906BE4719}.Debug|x86.Build.0 = Debug|Any CPU
		{21BEE56A-D923-40DD-84C5-AD0906BE4719}.Release|Any CPU.ActiveCfg = Release|Any CPU
		{21BEE56A-D923-40DD-84C5-AD0906BE4719}.Release|Any CPU.Build.0 = Release|Any CPU
		{21BEE56A-D923-40DD-84C5-AD0906BE4719}.Release|x64.ActiveCfg = Release|Any CPU
		{21BEE56A-D923-40DD-84C5-AD0906BE4719}.Release|x64.Build.0 = Release|Any CPU
		{21BEE56A-D923-40DD-84C5-AD0906BE4719}.Release|x86.ActiveCfg = Release|Any CPU
		{21BEE56A-D923-40DD-84C5-AD0906BE4719}.Release|x86.Build.0 = Release|Any CPU
		{0EEC3B4D-ECF5-4F7D-8D50-4D5DAF205FA2}.Debug|Any CPU.ActiveCfg = Debug|Any CPU
		{0EEC3B4D-ECF5-4F7D-8D50-4D5DAF205FA2}.Debug|Any CPU.Build.0 = Debug|Any CPU
		{0EEC3B4D-ECF5-4F7D-8D50-4D5DAF205FA2}.Debug|x64.ActiveCfg = Debug|Any CPU
		{0EEC3B4D-ECF5-4F7D-8D50-4D5DAF205FA2}.Debug|x64.Build.0 = Debug|Any CPU
		{0EEC3B4D-ECF5-4F7D-8D50-4D5DAF205FA2}.Debug|x86.ActiveCfg = Debug|Any CPU
		{0EEC3B4D-ECF5-4F7D-8D50-4D5DAF205FA2}.Debug|x86.Build.0 = Debug|Any CPU
		{0EEC3B4D-ECF5-4F7D-8D50-4D5DAF205FA2}.Release|Any CPU.ActiveCfg = Release|Any CPU
		{0EEC3B4D-ECF5-4F7D-8D50-4D5DAF205FA2}.Release|Any CPU.Build.0 = Release|Any CPU
		{0EEC3B4D-ECF5-4F7D-8D50-4D5DAF205FA2}.Release|x64.ActiveCfg = Release|Any CPU
		{0EEC3B4D-ECF5-4F7D-8D50-4D5DAF205FA2}.Release|x64.Build.0 = Release|Any CPU
		{0EEC3B4D-ECF5-4F7D-8D50-4D5DAF205FA2}.Release|x86.ActiveCfg = Release|Any CPU
		{0EEC3B4D-ECF5-4F7D-8D50-4D5DAF205FA2}.Release|x86.Build.0 = Release|Any CPU
		{54955540-49ED-4CE4-98C9-7918162935A8}.Debug|Any CPU.ActiveCfg = Debug|Any CPU
		{54955540-49ED-4CE4-98C9-7918162935A8}.Debug|Any CPU.Build.0 = Debug|Any CPU
		{54955540-49ED-4CE4-98C9-7918162935A8}.Debug|x64.ActiveCfg = Debug|Any CPU
		{54955540-49ED-4CE4-98C9-7918162935A8}.Debug|x64.Build.0 = Debug|Any CPU
		{54955540-49ED-4CE4-98C9-7918162935A8}.Debug|x86.ActiveCfg = Debug|Any CPU
		{54955540-49ED-4CE4-98C9-7918162935A8}.Debug|x86.Build.0 = Debug|Any CPU
		{54955540-49ED-4CE4-98C9-7918162935A8}.Release|Any CPU.ActiveCfg = Release|Any CPU
		{54955540-49ED-4CE4-98C9-7918162935A8}.Release|Any CPU.Build.0 = Release|Any CPU
		{54955540-49ED-4CE4-98C9-7918162935A8}.Release|x64.ActiveCfg = Release|Any CPU
		{54955540-49ED-4CE4-98C9-7918162935A8}.Release|x64.Build.0 = Release|Any CPU
		{54955540-49ED-4CE4-98C9-7918162935A8}.Release|x86.ActiveCfg = Release|Any CPU
		{54955540-49ED-4CE4-98C9-7918162935A8}.Release|x86.Build.0 = Release|Any CPU
		{B8E49D7A-D346-4915-B9AE-A07B570F1D84}.Debug|Any CPU.ActiveCfg = Debug|Any CPU
		{B8E49D7A-D346-4915-B9AE-A07B570F1D84}.Debug|Any CPU.Build.0 = Debug|Any CPU
		{B8E49D7A-D346-4915-B9AE-A07B570F1D84}.Debug|x64.ActiveCfg = Debug|Any CPU
		{B8E49D7A-D346-4915-B9AE-A07B570F1D84}.Debug|x64.Build.0 = Debug|Any CPU
		{B8E49D7A-D346-4915-B9AE-A07B570F1D84}.Debug|x86.ActiveCfg = Debug|Any CPU
		{B8E49D7A-D346-4915-B9AE-A07B570F1D84}.Debug|x86.Build.0 = Debug|Any CPU
		{B8E49D7A-D346-4915-B9AE-A07B570F1D84}.Release|Any CPU.ActiveCfg = Release|Any CPU
		{B8E49D7A-D346-4915-B9AE-A07B570F1D84}.Release|Any CPU.Build.0 = Release|Any CPU
		{B8E49D7A-D346-4915-B9AE-A07B570F1D84}.Release|x64.ActiveCfg = Release|Any CPU
		{B8E49D7A-D346-4915-B9AE-A07B570F1D84}.Release|x64.Build.0 = Release|Any CPU
		{B8E49D7A-D346-4915-B9AE-A07B570F1D84}.Release|x86.ActiveCfg = Release|Any CPU
		{B8E49D7A-D346-4915-B9AE-A07B570F1D84}.Release|x86.Build.0 = Release|Any CPU
		{00A5CDF5-6B7C-4DE8-BAE8-DB2D24CC2CB7}.Debug|Any CPU.ActiveCfg = Debug|Any CPU
		{00A5CDF5-6B7C-4DE8-BAE8-DB2D24CC2CB7}.Debug|Any CPU.Build.0 = Debug|Any CPU
		{00A5CDF5-6B7C-4DE8-BAE8-DB2D24CC2CB7}.Debug|x64.ActiveCfg = Debug|Any CPU
		{00A5CDF5-6B7C-4DE8-BAE8-DB2D24CC2CB7}.Debug|x64.Build.0 = Debug|Any CPU
		{00A5CDF5-6B7C-4DE8-BAE8-DB2D24CC2CB7}.Debug|x86.ActiveCfg = Debug|Any CPU
		{00A5CDF5-6B7C-4DE8-BAE8-DB2D24CC2CB7}.Debug|x86.Build.0 = Debug|Any CPU
		{00A5CDF5-6B7C-4DE8-BAE8-DB2D24CC2CB7}.Release|Any CPU.ActiveCfg = Release|Any CPU
		{00A5CDF5-6B7C-4DE8-BAE8-DB2D24CC2CB7}.Release|Any CPU.Build.0 = Release|Any CPU
		{00A5CDF5-6B7C-4DE8-BAE8-DB2D24CC2CB7}.Release|x64.ActiveCfg = Release|Any CPU
		{00A5CDF5-6B7C-4DE8-BAE8-DB2D24CC2CB7}.Release|x64.Build.0 = Release|Any CPU
		{00A5CDF5-6B7C-4DE8-BAE8-DB2D24CC2CB7}.Release|x86.ActiveCfg = Release|Any CPU
		{00A5CDF5-6B7C-4DE8-BAE8-DB2D24CC2CB7}.Release|x86.Build.0 = Release|Any CPU
		{EA7BD584-F9F2-4653-BBE1-967CEEA16FDA}.Debug|Any CPU.ActiveCfg = Debug|Any CPU
		{EA7BD584-F9F2-4653-BBE1-967CEEA16FDA}.Debug|Any CPU.Build.0 = Debug|Any CPU
		{EA7BD584-F9F2-4653-BBE1-967CEEA16FDA}.Debug|x64.ActiveCfg = Debug|Any CPU
		{EA7BD584-F9F2-4653-BBE1-967CEEA16FDA}.Debug|x64.Build.0 = Debug|Any CPU
		{EA7BD584-F9F2-4653-BBE1-967CEEA16FDA}.Debug|x86.ActiveCfg = Debug|Any CPU
		{EA7BD584-F9F2-4653-BBE1-967CEEA16FDA}.Debug|x86.Build.0 = Debug|Any CPU
		{EA7BD584-F9F2-4653-BBE1-967CEEA16FDA}.Release|Any CPU.ActiveCfg = Release|Any CPU
		{EA7BD584-F9F2-4653-BBE1-967CEEA16FDA}.Release|Any CPU.Build.0 = Release|Any CPU
		{EA7BD584-F9F2-4653-BBE1-967CEEA16FDA}.Release|x64.ActiveCfg = Release|Any CPU
		{EA7BD584-F9F2-4653-BBE1-967CEEA16FDA}.Release|x64.Build.0 = Release|Any CPU
		{EA7BD584-F9F2-4653-BBE1-967CEEA16FDA}.Release|x86.ActiveCfg = Release|Any CPU
		{EA7BD584-F9F2-4653-BBE1-967CEEA16FDA}.Release|x86.Build.0 = Release|Any CPU
	EndGlobalSection
	GlobalSection(SolutionProperties) = preSolution
		HideSolutionNode = FALSE
	EndGlobalSection
	GlobalSection(NestedProjects) = preSolution
		{5207529E-214E-4F12-81EC-199E6F94BAD0} = {014EBD4A-10DD-4BE4-8D1A-7BE91C60EE8C}
		{D1A2B490-B81F-4F3D-A409-885CFB16B1DA} = {633A68C0-0C76-42AF-BFD3-21CAE0F851E7}
		{E6AC810C-F127-4E45-91DF-F65687896125} = {633A68C0-0C76-42AF-BFD3-21CAE0F851E7}
		{E33AC388-D053-4785-9247-E2619CDF9BED} = {2FA01DCB-2284-4F84-8C79-B11D063B4F0C}
		{0800ECB9-D29B-41D4-B663-BA971FA1E17B} = {E33AC388-D053-4785-9247-E2619CDF9BED}
		{688DB2B1-8F16-464D-AAC3-FBACC497587F} = {E33AC388-D053-4785-9247-E2619CDF9BED}
		{5999B5EB-48B0-40E6-97F3-62BE598F1F7D} = {E33AC388-D053-4785-9247-E2619CDF9BED}
		{21BEE56A-D923-40DD-84C5-AD0906BE4719} = {E33AC388-D053-4785-9247-E2619CDF9BED}
		{0EEC3B4D-ECF5-4F7D-8D50-4D5DAF205FA2} = {E33AC388-D053-4785-9247-E2619CDF9BED}
		{54955540-49ED-4CE4-98C9-7918162935A8} = {688DB2B1-8F16-464D-AAC3-FBACC497587F}
		{B8E49D7A-D346-4915-B9AE-A07B570F1D84} = {688DB2B1-8F16-464D-AAC3-FBACC497587F}
		{00A5CDF5-6B7C-4DE8-BAE8-DB2D24CC2CB7} = {0800ECB9-D29B-41D4-B663-BA971FA1E17B}
		{EA7BD584-F9F2-4653-BBE1-967CEEA16FDA} = {0800ECB9-D29B-41D4-B663-BA971FA1E17B}
	EndGlobalSection
	GlobalSection(ExtensibilityGlobals) = postSolution
		SolutionGuid = {4237A1E8-9FAA-45F9-A3DE-A304DE1F5AC7}
	EndGlobalSection
EndGlobal
